
Microsoft Visual Studio Solution File, Format Version 12.00
# Visual Studio 2012
Project("{FAE04EC0-301F-11D3-BF4B-00C04F79EFBC}") = "UnityVS.zescape.CSharp", "UnityVS.zescape.CSharp.csproj", "{B29A4CAB-B212-B6C8-8519-EE06CDAA835D}"
EndProject
Project("{FAE04EC0-301F-11D3-BF4B-00C04F79EFBC}") = "UnityVS.zescape.CSharp.Editor", "UnityVS.zescape.CSharp.Editor.csproj", "{6BBEA4D7-770F-0D7E-269A-987BBCF8D602}"
EndProject
Global
	GlobalSection(SolutionConfigurationPlatforms) = preSolution
		Debug|Any CPU = Debug|Any CPU
		Release|Any CPU = Release|Any CPU
	EndGlobalSection
	GlobalSection(ProjectConfigurationPlatforms) = postSolution
		{B29A4CAB-B212-B6C8-8519-EE06CDAA835D}.Debug|Any CPU.ActiveCfg = Debug|Any CPU
		{B29A4CAB-B212-B6C8-8519-EE06CDAA835D}.Debug|Any CPU.Build.0 = Debug|Any CPU
		{B29A4CAB-B212-B6C8-8519-EE06CDAA835D}.Release|Any CPU.ActiveCfg = Release|Any CPU
		{B29A4CAB-B212-B6C8-8519-EE06CDAA835D}.Release|Any CPU.Build.0 = Release|Any CPU
		{6BBEA4D7-770F-0D7E-269A-987BBCF8D602}.Debug|Any CPU.ActiveCfg = Debug|Any CPU
		{6BBEA4D7-770F-0D7E-269A-987BBCF8D602}.Debug|Any CPU.Build.0 = Debug|Any CPU
		{6BBEA4D7-770F-0D7E-269A-987BBCF8D602}.Release|Any CPU.ActiveCfg = Release|Any CPU
		{6BBEA4D7-770F-0D7E-269A-987BBCF8D602}.Release|Any CPU.Build.0 = Release|Any CPU
	EndGlobalSection
	GlobalSection(SolutionProperties) = preSolution
		HideSolutionNode = FALSE
	EndGlobalSection
EndGlobal
